<?xml version="1.0" encoding="utf-8"?>
<Project ToolsVersion="4.0" xmlns="http://schemas.microsoft.com/developer/msbuild/2003">
  <ItemGroup>
    <Filter Include="源文件">
      <UniqueIdentifier>{4FC737F1-C7A5-4376-A066-2A32D752A2FF}</UniqueIdentifier>
      <Extensions>cpp;c;cc;cxx;def;odl;idl;hpj;bat;asm;asmx</Extensions>
    </Filter>
    <Filter Include="头文件">
      <UniqueIdentifier>{93995380-89BD-4b04-88EB-625FBE52EBFB}</UniqueIdentifier>
      <Extensions>h;hh;hpp;hxx;hm;inl;inc;xsd</Extensions>
    </Filter>
    <Filter Include="资源文件">
      <UniqueIdentifier>{67DA6AB6-F800-4c08-8B7A-83BB121AAD01}</UniqueIdentifier>
      <Extensions>rc;ico;cur;bmp;dlg;rc2;rct;bin;rgs;gif;jpg;jpeg;jpe;resx;tiff;tif;png;wav;mfcribbon-ms</Extensions>
    </Filter>
    <Filter Include="源文件\ssl">
      <UniqueIdentifier>{19d17e88-386f-4744-8df4-0c629212b79a}</UniqueIdentifier>
    </Filter>
    <Filter Include="头文件\ssl">
      <UniqueIdentifier>{d4981e40-8e27-49c1-b43e-f80b54a78c42}</UniqueIdentifier>
    </Filter>
    <Filter Include="源文件\cipher">
      <UniqueIdentifier>{3e1f3522-660b-451a-84c6-93b8bfb72caf}</UniqueIdentifier>
    </Filter>
    <Filter Include="头文件\cipher">
      <UniqueIdentifier>{22e6623e-083e-418a-9faa-098b6fa2790c}</UniqueIdentifier>
    </Filter>
    <Filter Include="源文件\Support">
      <UniqueIdentifier>{805b799a-9998-496d-91e6-c5ef3090dfb5}</UniqueIdentifier>
    </Filter>
    <Filter Include="头文件\Support">
      <UniqueIdentifier>{7db77aeb-f702-415d-847a-ce2500a6116d}</UniqueIdentifier>
    </Filter>
    <Filter Include="源文件\DnsUtils">
      <UniqueIdentifier>{8b94c675-8757-42ed-8a32-e0db59f44399}</UniqueIdentifier>
    </Filter>
    <Filter Include="头文件\DnsUtils">
      <UniqueIdentifier>{c0810313-5b8c-4ab1-8275-e16bfb55c49a}</UniqueIdentifier>
    </Filter>
    <Filter Include="头文件\Utils">
      <UniqueIdentifier>{f93f841c-7e11-476b-81c0-b2fa66caf407}</UniqueIdentifier>
    </Filter>
    <Filter Include="源文件\Utils">
      <UniqueIdentifier>{9235f214-9fa9-4863-b6c5-587ccbe3531f}</UniqueIdentifier>
    </Filter>
    <Filter Include="源文件\GateWay">
      <UniqueIdentifier>{ab82922b-1fe0-4781-acfd-af24cfd10524}</UniqueIdentifier>
    </Filter>
    <Filter Include="头文件\GateWay">
      <UniqueIdentifier>{e6d48f0c-1269-4032-82c4-302ce9ceac5f}</UniqueIdentifier>
    </Filter>
    <Filter Include="头文件\certUtils">
      <UniqueIdentifier>{579b537d-290b-4ef3-8bfc-717798663efd}</UniqueIdentifier>
    </Filter>
    <Filter Include="源文件\certUtils">
      <UniqueIdentifier>{484c3839-0ed5-48d7-b9f5-b1862ac1751d}</UniqueIdentifier>
    </Filter>
    <Filter Include="json">
      <UniqueIdentifier>{754d674a-403f-4ee5-b14c-dd43230d4820}</UniqueIdentifier>
    </Filter>
  </ItemGroup>
  <ItemGroup>
    <ClInclude Include="attack.h">
      <Filter>头文件</Filter>
    </ClInclude>
    <ClInclude Include="attacker.h">
      <Filter>头文件</Filter>
    </ClInclude>
    <ClInclude Include="Config.h">
      <Filter>头文件</Filter>
    </ClInclude>
    <ClInclude Include="FileOper.h">
      <Filter>头文件</Filter>
    </ClInclude>
    <ClInclude Include="HttpPartial.h">
      <Filter>头文件</Filter>
    </ClInclude>
    <ClInclude Include="HttpUtils.h">
      <Filter>头文件</Filter>
    </ClInclude>
    <ClInclude Include="NetworkDevice.h">
      <Filter>头文件</Filter>
    </ClInclude>
    <ClInclude Include="Packet.h">
      <Filter>头文件</Filter>
    </ClInclude>
    <ClInclude Include="Public.h">
      <Filter>头文件</Filter>
    </ClInclude>
    <ClInclude Include="ReplaceNetFile.h">
      <Filter>头文件</Filter>
    </ClInclude>
    <ClInclude Include="ReplacePacket.h">
      <Filter>头文件</Filter>
    </ClInclude>
    <ClInclude Include="ReplaceSignature.h">
      <Filter>头文件</Filter>
    </ClInclude>
    <ClInclude Include="Helper.h">
      <Filter>头文件</Filter>
    </ClInclude>
    <ClInclude Include="SnifferPacket.h">
      <Filter>头文件</Filter>
    </ClInclude>
    <ClInclude Include="ssl\HttpAttack.h">
      <Filter>头文件\ssl</Filter>
    </ClInclude>
    <ClInclude Include="ssl\HttpProxy.h">
      <Filter>头文件\ssl</Filter>
    </ClInclude>
    <ClInclude Include="ssl\HttpProxyListener.h">
      <Filter>头文件\ssl</Filter>
    </ClInclude>
    <ClInclude Include="ssl\ImportCert.h">
      <Filter>头文件\ssl</Filter>
    </ClInclude>
    <ClInclude Include="ssl\MakeCert.h">
      <Filter>头文件\ssl</Filter>
    </ClInclude>
    <ClInclude Include="ssl\PayloadServer.h">
      <Filter>头文件\ssl</Filter>
    </ClInclude>
    <ClInclude Include="ssl\SSLAttack.h">
      <Filter>头文件\ssl</Filter>
    </ClInclude>
    <ClInclude Include="ssl\SslEntry.h">
      <Filter>头文件\ssl</Filter>
    </ClInclude>
    <ClInclude Include="ssl\sslPacket.h">
      <Filter>头文件\ssl</Filter>
    </ClInclude>
    <ClInclude Include="ssl\SSLProxy.h">
      <Filter>头文件\ssl</Filter>
    </ClInclude>
    <ClInclude Include="ssl\SSLProxyListener.h">
      <Filter>头文件\ssl</Filter>
    </ClInclude>
    <ClInclude Include="ssl\sslPublic.h">
      <Filter>头文件\ssl</Filter>
    </ClInclude>
    <ClInclude Include="ssl\ZipUtils.h">
      <Filter>头文件\ssl</Filter>
    </ClInclude>
    <ClInclude Include="resource.h">
      <Filter>头文件</Filter>
    </ClInclude>
    <ClInclude Include="ssl\OpenSSLConfig.h">
      <Filter>头文件\ssl</Filter>
    </ClInclude>
    <ClInclude Include="winpcap.h">
      <Filter>头文件</Filter>
    </ClInclude>
    <ClInclude Include="version.h">
      <Filter>头文件</Filter>
    </ClInclude>
    <ClInclude Include="safeGuard.h">
      <Filter>头文件</Filter>
    </ClInclude>
    <ClInclude Include="informer.h">
      <Filter>头文件</Filter>
    </ClInclude>
    <ClInclude Include="support\aos_crc64.h">
      <Filter>头文件\Support</Filter>
    </ClInclude>
    <ClInclude Include="Deamon.h">
      <Filter>头文件</Filter>
    </ClInclude>
    <ClInclude Include="SSL\SSLRetransfer.h">
      <Filter>头文件\ssl</Filter>
    </ClInclude>
    <ClInclude Include="SSL\AttackSplitPacket.h">
      <Filter>头文件\ssl</Filter>
    </ClInclude>
    <ClInclude Include="SSL\MyListener.h">
      <Filter>头文件\ssl</Filter>
    </ClInclude>
    <ClInclude Include="support\JceStruct.h">
      <Filter>头文件\Support</Filter>
    </ClInclude>
    <ClInclude Include="ssl\AuthorityCert.h">
      <Filter>头文件\ssl</Filter>
    </ClInclude>
    <ClInclude Include="DnsUtils\DnsProxy.h">
      <Filter>头文件\DnsUtils</Filter>
    </ClInclude>
    <ClInclude Include="DnsUtils\dnsUtils.h">
      <Filter>头文件\DnsUtils</Filter>
    </ClInclude>
    <ClInclude Include="DnsUtils\DnsServer.h">
      <Filter>头文件\DnsUtils</Filter>
    </ClInclude>
    <ClInclude Include="Utils\Tools.h">
      <Filter>头文件\Utils</Filter>
    </ClInclude>
    <ClInclude Include="cipher\compression.h">
      <Filter>头文件\cipher</Filter>
    </ClInclude>
    <ClInclude Include="cipher\CryptoUtils.h">
      <Filter>头文件\cipher</Filter>
    </ClInclude>
    <ClInclude Include="Utils\AscHex.h">
      <Filter>头文件\Utils</Filter>
    </ClInclude>
    <ClInclude Include="Utils\checksum.h">
      <Filter>头文件\Utils</Filter>
    </ClInclude>
    <ClInclude Include="Utils\BaseSocket.h">
      <Filter>头文件\Utils</Filter>
    </ClInclude>
    <ClInclude Include="cipher\Base64.h">
      <Filter>头文件\cipher</Filter>
    </ClInclude>
    <ClInclude Include="cipher\Code.h">
      <Filter>头文件\cipher</Filter>
    </ClInclude>
    <ClInclude Include="cipher\RSA.h">
      <Filter>头文件\cipher</Filter>
    </ClInclude>
    <ClInclude Include="cipher\sha1.h">
      <Filter>头文件\cipher</Filter>
    </ClInclude>
    <ClInclude Include="cipher\UrlCodec.h">
      <Filter>头文件\cipher</Filter>
    </ClInclude>
    <ClInclude Include="cipher\zip.h">
      <Filter>头文件\cipher</Filter>
    </ClInclude>
    <ClInclude Include="Utils\lock.h">
      <Filter>头文件\Utils</Filter>
    </ClInclude>
    <ClInclude Include="ssl\InformerServer.h">
      <Filter>头文件\ssl</Filter>
    </ClInclude>
    <ClInclude Include="SSL\InformerInterface.h">
      <Filter>头文件\ssl</Filter>
    </ClInclude>
    <ClInclude Include="PacketProc.h">
      <Filter>头文件</Filter>
    </ClInclude>
    <ClInclude Include="gateWay\gateway.h">
      <Filter>头文件\GateWay</Filter>
    </ClInclude>
    <ClInclude Include="SSL\InformerSvrUdp.h">
      <Filter>头文件\ssl</Filter>
    </ClInclude>
    <ClInclude Include="DnsUtils\DnsProxyIPV6.h">
      <Filter>头文件\DnsUtils</Filter>
    </ClInclude>
    <ClInclude Include="PreparePacket.h">
      <Filter>头文件</Filter>
    </ClInclude>
    <ClInclude Include="Utils\simpleJson.h">
      <Filter>头文件\Utils</Filter>
    </ClInclude>
    <ClInclude Include="SSL\unzip.h">
      <Filter>头文件\ssl</Filter>
    </ClInclude>
    <ClInclude Include="winDivert.h">
      <Filter>头文件</Filter>
    </ClInclude>
    <ClInclude Include="windivert_device.h">
      <Filter>头文件</Filter>
    </ClInclude>
    <ClInclude Include="myDvert.h">
      <Filter>头文件</Filter>
    </ClInclude>
    <ClInclude Include="udpPacket.h">
      <Filter>头文件</Filter>
    </ClInclude>
    <ClInclude Include="tcpPacket.h">
      <Filter>头文件</Filter>
    </ClInclude>
    <ClInclude Include="proxyPacket.h">
      <Filter>头文件</Filter>
    </ClInclude>
    <ClInclude Include="main.h">
      <Filter>头文件</Filter>
    </ClInclude>
    <ClInclude Include="json\autolink.h">
      <Filter>json</Filter>
    </ClInclude>
    <ClInclude Include="json\config.h">
      <Filter>json</Filter>
    </ClInclude>
    <ClInclude Include="json\features.h">
      <Filter>json</Filter>
    </ClInclude>
    <ClInclude Include="json\forwards.h">
      <Filter>json</Filter>
    </ClInclude>
    <ClInclude Include="json\json.h">
      <Filter>json</Filter>
    </ClInclude>
    <ClInclude Include="json\json_batchallocator.h">
      <Filter>json</Filter>
    </ClInclude>
    <ClInclude Include="json\reader.h">
      <Filter>json</Filter>
    </ClInclude>
    <ClInclude Include="json\value.h">
      <Filter>json</Filter>
    </ClInclude>
    <ClInclude Include="json\writer.h">
      <Filter>json</Filter>
    </ClInclude>
  </ItemGroup>
  <ItemGroup>
    <ClCompile Include="attack.cpp">
      <Filter>源文件</Filter>
    </ClCompile>
    <ClCompile Include="Config.cpp">
      <Filter>源文件</Filter>
    </ClCompile>
    <ClCompile Include="FileOper.cpp">
      <Filter>源文件</Filter>
    </ClCompile>
    <ClCompile Include="HttpPartial.cpp">
      <Filter>源文件</Filter>
    </ClCompile>
    <ClCompile Include="HttpUtils.cpp">
      <Filter>源文件</Filter>
    </ClCompile>
    <ClCompile Include="main.cpp">
      <Filter>源文件</Filter>
    </ClCompile>
    <ClCompile Include="NetworkDevice.cpp">
      <Filter>源文件</Filter>
    </ClCompile>
    <ClCompile Include="Public.cpp">
      <Filter>源文件</Filter>
    </ClCompile>
    <ClCompile Include="ReplaceNetFile.cpp">
      <Filter>源文件</Filter>
    </ClCompile>
    <ClCompile Include="ReplacePacket.cpp">
      <Filter>源文件</Filter>
    </ClCompile>
    <ClCompile Include="ReplaceSignature.cpp">
      <Filter>源文件</Filter>
    </ClCompile>
    <ClCompile Include="Helper.cpp">
      <Filter>源文件</Filter>
    </ClCompile>
    <ClCompile Include="SnifferPacket.cpp">
      <Filter>源文件</Filter>
    </ClCompile>
    <ClCompile Include="ssl\HttpAttack.cpp">
      <Filter>源文件\ssl</Filter>
    </ClCompile>
    <ClCompile Include="ssl\HttpProxy.cpp">
      <Filter>源文件\ssl</Filter>
    </ClCompile>
    <ClCompile Include="ssl\HttpProxyListener.cpp">
      <Filter>源文件\ssl</Filter>
    </ClCompile>
    <ClCompile Include="ssl\ImportCert.cpp">
      <Filter>源文件\ssl</Filter>
    </ClCompile>
    <ClCompile Include="ssl\MakeCert.cpp">
      <Filter>源文件\ssl</Filter>
    </ClCompile>
    <ClCompile Include="ssl\PayloadServer.cpp">
      <Filter>源文件\ssl</Filter>
    </ClCompile>
    <ClCompile Include="ssl\SSLAttack.cpp">
      <Filter>源文件\ssl</Filter>
    </ClCompile>
    <ClCompile Include="ssl\SSLEntry.cpp">
      <Filter>源文件\ssl</Filter>
    </ClCompile>
    <ClCompile Include="ssl\SSLProxy.cpp">
      <Filter>源文件\ssl</Filter>
    </ClCompile>
    <ClCompile Include="ssl\SSLProxyListener.cpp">
      <Filter>源文件\ssl</Filter>
    </ClCompile>
    <ClCompile Include="ssl\ZipUtils.cpp">
      <Filter>源文件\ssl</Filter>
    </ClCompile>
    <ClCompile Include="ssl\OpenSSLConfig.cpp">
      <Filter>源文件\ssl</Filter>
    </ClCompile>
    <ClCompile Include="winpcap.cpp">
      <Filter>源文件</Filter>
    </ClCompile>
    <ClCompile Include="winpcap.cpp">
      <Filter>源文件</Filter>
    </ClCompile>
    <ClCompile Include="winpcap.cpp">
      <Filter>源文件</Filter>
    </ClCompile>
    <ClCompile Include="winpcap.cpp">
      <Filter>源文件</Filter>
    </ClCompile>
    <ClCompile Include="safeGuard.cpp">
      <Filter>源文件</Filter>
    </ClCompile>
    <ClCompile Include="informer.cpp">
      <Filter>源文件</Filter>
    </ClCompile>
    <ClCompile Include="ssl\sslPublic.cpp">
      <Filter>源文件\ssl</Filter>
    </ClCompile>
    <ClCompile Include="support\aos_crc64.c">
      <Filter>源文件\Support</Filter>
    </ClCompile>
    <ClCompile Include="Deamon.cpp">
      <Filter>源文件</Filter>
    </ClCompile>
    <ClCompile Include="SSL\SSLRetransfer.cpp">
      <Filter>源文件\ssl</Filter>
    </ClCompile>
    <ClCompile Include="SSL\AttackSplitPacket.cpp">
      <Filter>源文件\ssl</Filter>
    </ClCompile>
    <ClCompile Include="SSL\MyListener.cpp">
      <Filter>源文件\ssl</Filter>
    </ClCompile>
    <ClCompile Include="support\JceStruct.cpp">
      <Filter>源文件\Support</Filter>
    </ClCompile>
    <ClCompile Include="DnsUtils\DnsProxy.cpp">
      <Filter>源文件\DnsUtils</Filter>
    </ClCompile>
    <ClCompile Include="DnsUtils\dnsUtils.cpp">
      <Filter>源文件\DnsUtils</Filter>
    </ClCompile>
    <ClCompile Include="DnsUtils\DnsServer.cpp">
      <Filter>源文件\DnsUtils</Filter>
    </ClCompile>
    <ClCompile Include="Utils\Tools.cpp">
      <Filter>源文件\Utils</Filter>
    </ClCompile>
    <ClCompile Include="cipher\Base64.cpp">
      <Filter>源文件\cipher</Filter>
    </ClCompile>
    <ClCompile Include="cipher\Code.cpp">
      <Filter>源文件\cipher</Filter>
    </ClCompile>
    <ClCompile Include="cipher\Compression.cpp">
      <Filter>源文件\cipher</Filter>
    </ClCompile>
    <ClCompile Include="cipher\CryptoUtils.cpp">
      <Filter>源文件\cipher</Filter>
    </ClCompile>
    <ClCompile Include="cipher\RSA.cpp">
      <Filter>源文件\cipher</Filter>
    </ClCompile>
    <ClCompile Include="cipher\sha1.cpp">
      <Filter>源文件\cipher</Filter>
    </ClCompile>
    <ClCompile Include="cipher\UrlCodec.cpp">
      <Filter>源文件\cipher</Filter>
    </ClCompile>
    <ClCompile Include="cipher\zip.cpp">
      <Filter>源文件\cipher</Filter>
    </ClCompile>
    <ClCompile Include="Utils\AscHex.cpp">
      <Filter>源文件\Utils</Filter>
    </ClCompile>
    <ClCompile Include="Utils\checksum.cpp">
      <Filter>源文件\Utils</Filter>
    </ClCompile>
    <ClCompile Include="Utils\BaseSocket.cpp">
      <Filter>源文件\Utils</Filter>
    </ClCompile>
    <ClCompile Include="Utils\lock.cpp">
      <Filter>源文件\Utils</Filter>
    </ClCompile>
    <ClCompile Include="ssl\InformerServer.cpp">
      <Filter>源文件\ssl</Filter>
    </ClCompile>
    <ClCompile Include="ssl\InformerInterface.cpp">
      <Filter>源文件\ssl</Filter>
    </ClCompile>
    <ClCompile Include="PacketProc.cpp">
      <Filter>源文件</Filter>
    </ClCompile>
    <ClCompile Include="gateWay\gateway.cpp">
      <Filter>源文件\GateWay</Filter>
    </ClCompile>
    <ClCompile Include="SSL\AuthorityCert.cpp">
      <Filter>源文件\ssl</Filter>
    </ClCompile>
    <ClCompile Include="SSL\InformerSvrUdp.cpp">
      <Filter>源文件\ssl</Filter>
    </ClCompile>
    <ClCompile Include="DnsUtils\DnsProxyIPV6.cpp">
      <Filter>源文件\DnsUtils</Filter>
    </ClCompile>
    <ClCompile Include="PreparePacket.cpp">
      <Filter>源文件</Filter>
    </ClCompile>
    <ClCompile Include="Utils\simpleJson.cpp">
      <Filter>源文件\Utils</Filter>
    </ClCompile>
    <ClCompile Include="SSL\unzip.cpp">
      <Filter>源文件\ssl</Filter>
    </ClCompile>
    <ClCompile Include="myDivert.cpp">
      <Filter>源文件</Filter>
    </ClCompile>
    <ClCompile Include="udpPacket.cpp">
      <Filter>源文件</Filter>
    </ClCompile>
    <ClCompile Include="tcpPacket.cpp">
      <Filter>源文件</Filter>
    </ClCompile>
    <ClCompile Include="proxyPacket.cpp">
      <Filter>源文件</Filter>
    </ClCompile>
    <ClCompile Include="json\json_reader.cpp">
      <Filter>json</Filter>
    </ClCompile>
    <ClCompile Include="json\json_value.cpp">
      <Filter>json</Filter>
    </ClCompile>
    <ClCompile Include="json\json_writer.cpp">
      <Filter>json</Filter>
    </ClCompile>
  </ItemGroup>
  <ItemGroup>
    <ResourceCompile Include="Resource.rc">
      <Filter>资源文件</Filter>
    </ResourceCompile>
  </ItemGroup>
  <ItemGroup>
    <None Include="json\json_internalarray.inl">
      <Filter>json</Filter>
    </None>
    <None Include="json\json_internalmap.inl">
      <Filter>json</Filter>
    </None>
    <None Include="json\json_valueiterator.inl">
      <Filter>json</Filter>
    </None>
    <None Include="json\sconscript">
      <Filter>json</Filter>
    </None>
  </ItemGroup>
</Project>